{
  "object": {
    "pins": [
      {
        "package": "InputBarAccessoryView",
        "repositoryURL": "https://github.com/nathantannar4/InputBarAccessoryView",
        "state": {
          "branch": null,
          "revision": "d48dc9e0d22072a1bf7cc99f568fb4402c168006",
          "version": "5.2.1"
        }
      },
      {
        "package": "MessageKit",
        "repositoryURL": "https://github.com/MessageKit/MessageKit",
        "state": {
          "branch": null,
          "revision": "1e4b93c27c179bf755a22c964a46262ca0961560",
          "version": "3.4.2"
        }
      }
    ]
  },
  "version": 1
}
